// !$*UTF8*$!
{
	archiveVersion = 1;
	classes = {
	};
	objectVersion = 46;
	objects = {

/* Begin PBXBuildFile section */
		AEF23AE41D14C8E400FF6DFB /* AppDelegate.swift in Sources */ = {isa = PBXBuildFile; fileRef = AEF23AE31D14C8E400FF6DFB /* AppDelegate.swift */; };
		AEF23AE61D14C8E400FF6DFB /* ViewController.swift in Sources */ = {isa = PBXBuildFile; fileRef = AEF23AE51D14C8E400FF6DFB /* ViewController.swift */; };
		AEF23AE91D14C8E400FF6DFB /* Main.storyboard in Resources */ = {isa = PBXBuildFile; fileRef = AEF23AE71D14C8E400FF6DFB /* Main.storyboard */; };
		AEF23AEB1D14C8E400FF6DFB /* Assets.xcassets in Resources */ = {isa = PBXBuildFile; fileRef = AEF23AEA1D14C8E400FF6DFB /* Assets.xcassets */; };
		AEF23AEE1D14C8E400FF6DFB /* LaunchScreen.storyboard in Resources */ = {isa = PBXBuildFile; fileRef = AEF23AEC1D14C8E400FF6DFB /* LaunchScreen.storyboard */; };
		AEF23AF61D14D02D00FF6DFB /* RankingListViewController.swift in Sources */ = {isa = PBXBuildFile; fileRef = AEF23AF51D14D02D00FF6DFB /* RankingListViewController.swift */; };
		AEF23AF81D14D5D700FF6DFB /* Feed.swift in Sources */ = {isa = PBXBuildFile; fileRef = AEF23AF71D14D5D700FF6DFB /* Feed.swift */; };
/* End PBXBuildFile section */

/* Begin PBXFileReference section */
		AEF23AE01D14C8E400FF6DFB /* RankingApp.app */ = {isa = PBXFileReference; explicitFileType = wrapper.application; includeInIndex = 0; path = RankingApp.app; sourceTree = BUILT_PRODUCTS_DIR; };
		AEF23AE31D14C8E400FF6DFB /* AppDelegate.swift */ = {isa = PBXFileReference; lastKnownFileType = sourcecode.swift; path = AppDelegate.swift; sourceTree = "<group>"; };
		AEF23AE51D14C8E400FF6DFB /* ViewController.swift */ = {isa = PBXFileReference; lastKnownFileType = sourcecode.swift; path = ViewController.swift; sourceTree = "<group>"; };
		AEF23AE81D14C8E400FF6DFB /* Base */ = {isa = PBXFileReference; lastKnownFileType = file.storyboard; name = Base; path = Base.lproj/Main.storyboard; sourceTree = "<group>"; };
		AEF23AEA1D14C8E400FF6DFB /* Assets.xcassets */ = {isa = PBXFileReference; lastKnownFileType = folder.assetcatalog; path = Assets.xcassets; sourceTree = "<group>"; };
		AEF23AED1D14C8E400FF6DFB /* Base */ = {isa = PBXFileReference; lastKnownFileType = file.storyboard; name = Base; path = Base.lproj/LaunchScreen.storyboard; sourceTree = "<group>"; };
		AEF23AEF1D14C8E400FF6DFB /* Info.plist */ = {isa = PBXFileReference; lastKnownFileType = text.plist.xml; path = Info.plist; sourceTree = "<group>"; };
		AEF23AF51D14D02D00FF6DFB /* RankingListViewController.swift */ = {isa = PBXFileReference; fileEncoding = 4; lastKnownFileType = sourcecode.swift; path = RankingListViewController.swift; sourceTree = "<group>"; };
		AEF23AF71D14D5D700FF6DFB /* Feed.swift */ = {isa = PBXFileReference; fileEncoding = 4; lastKnownFileType = sourcecode.swift; path = Feed.swift; sourceTree = "<group>"; };
/* End PBXFileReference section */

/* Begin PBXFrameworksBuildPhase section */
		AEF23ADD1D14C8E400FF6DFB /* Frameworks */ = {
			isa = PBXFrameworksBuildPhase;
			buildActionMask = 2147483647;
			files = (
			);
			runOnlyForDeploymentPostprocessing = 0;
		};
/* End PBXFrameworksBuildPhase section */

/* Begin PBXGroup section */
		AEF23AD71D14C8E400FF6DFB = {
			isa = PBXGroup;
			children = (
				AEF23AE21D14C8E400FF6DFB /* RankingApp */,
				AEF23AE11D14C8E400FF6DFB /* Products */,
			);
			sourceTree = "<group>";
		};
		AEF23AE11D14C8E400FF6DFB /* Products */ = {
			isa = PBXGroup;
			children = (
				AEF23AE01D14C8E400FF6DFB /* RankingApp.app */,
			);
			name = Products;
			sourceTree = "<group>";
		};
		AEF23AE21D14C8E400FF6DFB /* RankingApp */ = {
			isa = PBXGroup;
			children = (
				AEF23AE31D14C8E400FF6DFB /* AppDelegate.swift */,
				AEF23AE51D14C8E400FF6DFB /* ViewController.swift */,
				AEF23AF51D14D02D00FF6DFB /* RankingListViewController.swift */,
				AEF23AE71D14C8E400FF6DFB /* Main.storyboard */,
				AEF23AEA1D14C8E400FF6DFB /* Assets.xcassets */,
				AEF23AEC1D14C8E400FF6DFB /* LaunchScreen.storyboard */,
				AEF23AEF1D14C8E400FF6DFB /* Info.plist */,
				AEF23AF71D14D5D700FF6DFB /* Feed.swift */,
			);
			path = RankingApp;
			sourceTree = "<group>";
		};
/* End PBXGroup section */

/* Begin PBXNativeTarget section */
		AEF23ADF1D14C8E400FF6DFB /* RankingApp */ = {
			isa = PBXNativeTarget;
			buildConfigurationList = AEF23AF21D14C8E400FF6DFB /* Build configuration list for PBXNativeTarget "RankingApp" */;
			buildPhases = (
				AEF23ADC1D14C8E400FF6DFB /* Sources */,
				AEF23ADD1D14C8E400FF6DFB /* Frameworks */,
				AEF23ADE1D14C8E400FF6DFB /* Resources */,
			);
			buildRules = (
			);
			dependencies = (
			);
			name = RankingApp;
			productName = RankingApp;
			productReference = AEF23AE01D14C8E400FF6DFB /* RankingApp.app */;
			productType = "com.apple.product-type.application";
		};
/* End PBXNativeTarget section */

/* Begin PBXProject section */
		AEF23AD81D14C8E400FF6DFB /* Project object */ = {
			isa = PBXProject;
			attributes = {
				LastSwiftUpdateCheck = 0720;
				LastUpgradeCheck = 0720;
				ORGANIZATIONNAME = AKYLab;
				TargetAttributes = {
					AEF23ADF1D14C8E400FF6DFB = {
						CreatedOnToolsVersion = 7.2.1;
					};
				};
			};
			buildConfigurationList = AEF23ADB1D14C8E400FF6DFB /* Build configuration list for PBXProject "RankingApp" */;
			compatibilityVersion = "Xcode 3.2";
			developmentRegion = English;
			hasScannedForEncodings = 0;
			knownRegions = (
				en,
				Base,
			);
			mainGroup = AEF23AD71D14C8E400FF6DFB;
			productRefGroup = AEF23AE11D14C8E400FF6DFB /* Products */;
			projectDirPath = "";
			projectRoot = "";
			targets = (
				AEF23ADF1D14C8E400FF6DFB /* RankingApp */,
			);
		};
/* End PBXProject section */

/* Begin PBXResourcesBuildPhase section */
		AEF23ADE1D14C8E400FF6DFB /* Resources */ = {
			isa = PBXResourcesBuildPhase;
			buildActionMask = 2147483647;
			files = (
				AEF23AEE1D14C8E400FF6DFB /* LaunchScreen.storyboard in Resources */,
				AEF23AEB1D14C8E400FF6DFB /* Assets.xcassets in Resources */,
				AEF23AE91D14C8E400FF6DFB /* Main.storyboard in Resources */,
			);
			runOnlyForDeploymentPostprocessing = 0;
		};
/* End PBXResourcesBuildPhase section */

/* Begin PBXSourcesBuildPhase section */
		AEF23ADC1D14C8E400FF6DFB /* Sources */ = {
			isa = PBXSourcesBuildPhase;
			buildActionMask = 2147483647;
			files = (
				AEF23AE61D14C8E400FF6DFB /* ViewController.swift in Sources */,
				AEF23AF81D14D5D700FF6DFB /* Feed.swift in Sources */,
				AEF23AE41D14C8E400FF6DFB /* AppDelegate.swift in Sources */,
				AEF23AF61D14D02D00FF6DFB /* RankingListViewController.swift in Sources */,
			);
			runOnlyForDeploymentPostprocessing = 0;
		};
/* End PBXSourcesBuildPhase section */

/* Begin PBXVariantGroup section */
		AEF23AE71D14C8E400FF6DFB /* Main.storyboard */ = {
			isa = PBXVariantGroup;
			children = (
				AEF23AE81D14C8E400FF6DFB /* Base */,
			);
			name = Main.storyboard;
			sourceTree = "<group>";
		};
		AEF23AEC1D14C8E400FF6DFB /* LaunchScreen.storyboard */ = {
			isa = PBXVariantGroup;
			children = (
				AEF23AED1D14C8E400FF6DFB /* Base */,
			);
			name = LaunchScreen.storyboard;
			sourceTree = "<group>";
		};
/* End PBXVariantGroup section */

/* Begin XCBuildConfiguration section */
		AEF23AF01D14C8E400FF6DFB /* Debug */ = {
			isa = XCBuildConfiguration;
			buildSettings = {
				ALWAYS_SEARCH_USER_PATHS = NO;
				CLANG_CXX_LANGUAGE_STANDARD = "gnu++0x";
				CLANG_CXX_LIBRARY = "libc++";
				CLANG_ENABLE_MODULES = YES;
				CLANG_ENABLE_OBJC_ARC = YES;
				CLANG_WARN_BOOL_CONVERSION = YES;
				CLANG_WARN_CONSTANT_CONVERSION = YES;
				CLANG_WARN_DIRECT_OBJC_ISA_USAGE = YES_ERROR;
				CLANG_WARN_EMPTY_BODY = YES;
				CLANG_WARN_ENUM_CONVERSION = YES;
				CLANG_WARN_INT_CONVERSION = YES;
				CLANG_WARN_OBJC_ROOT_CLASS = YES_ERROR;
				CLANG_WARN_UNREACHABLE_CODE = YES;
				CLANG_WARN__DUPLICATE_METHOD_MATCH = YES;
				"CODE_SIGN_IDENTITY[sdk=iphoneos*]" = "iPhone Developer";
				COPY_PHASE_STRIP = NO;
				DEBUG_INFORMATION_FORMAT = dwarf;
				ENABLE_STRICT_OBJC_MSGSEND = YES;
				ENABLE_TESTABILITY = YES;
				GCC_C_LANGUAGE_STANDARD = gnu99;
				GCC_DYNAMIC_NO_PIC = NO;
				GCC_NO_COMMON_BLOCKS = YES;
				GCC_OPTIMIZATION_LEVEL = 0;
				GCC_PREPROCESSOR_DEFINITIONS = (
					"DEBUG=1",
					"$(inherited)",
				);
				GCC_WARN_64_TO_32_BIT_CONVERSION = YES;
				GCC_WARN_ABOUT_RETURN_TYPE = YES_ERROR;
				GCC_WARN_UNDECLARED_SELECTOR = YES;
				GCC_WARN_UNINITIALIZED_AUTOS = YES_AGGRESSIVE;
				GCC_WARN_UNUSED_FUNCTION = YES;
				GCC_WARN_UNUSED_VARIABLE = YES;
				IPHONEOS_DEPLOYMENT_TARGET = 9.2;
				MTL_ENABLE_DEBUG_INFO = YES;
				ONLY_ACTIVE_ARCH = YES;
				SDKROOT = iphoneos;
				SWIFT_OPTIMIZATION_LEVEL = "-Onone";
			};
			name = Debug;
		};
		AEF23AF11D14C8E400FF6DFB /* Release */ = {
			isa = XCBuildConfiguration;
			buildSettings = {
				ALWAYS_SEARCH_USER_PATHS = NO;
				CLANG_CXX_LANGUAGE_STANDARD = "gnu++0x";
				CLANG_CXX_LIBRARY = "libc++";
				CLANG_ENABLE_MODULES = YES;
				CLANG_ENABLE_OBJC_ARC = YES;
				CLANG_WARN_BOOL_CONVERSION = YES;
				CLANG_WARN_CONSTANT_CONVERSION = YES;
				CLANG_WARN_DIRECT_OBJC_ISA_USAGE = YES_ERROR;
				CLANG_WARN_EMPTY_BODY = YES;
				CLANG_WARN_ENUM_CONVERSION = YES;
				CLANG_WARN_INT_CONVERSION = YES;
				CLANG_WARN_OBJC_ROOT_CLASS = YES_ERROR;
				CLANG_WARN_UNREACHABLE_CODE = YES;
				CLANG_WARN__DUPLICATE_METHOD_MATCH = YES;
				"CODE_SIGN_IDENTITY[sdk=iphoneos*]" = "iPhone Developer";
				COPY_PHASE_STRIP = NO;
				DEBUG_INFORMATION_FORMAT = "dwarf-with-dsym";
				ENABLE_NS_ASSERTIONS = NO;
				ENABLE_STRICT_OBJC_MSGSEND = YES;
				GCC_C_LANGUAGE_STANDARD = gnu99;
				GCC_NO_COMMON_BLOCKS = YES;
				GCC_WARN_64_TO_32_BIT_CONVERSION = YES;
				GCC_WARN_ABOUT_RETURN_TYPE = YES_ERROR;
				GCC_WARN_UNDECLARED_SELECTOR = YES;
				GCC_WARN_UNINITIALIZED_AUTOS = YES_AGGRESSIVE;
				GCC_WARN_UNUSED_FUNCTION = YES;
				GCC_WARN_UNUSED_VARIABLE = YES;
				IPHONEOS_DEPLOYMENT_TARGET = 9.2;
				MTL_ENABLE_DEBUG_INFO = NO;
				SDKROOT = iphoneos;
				VALIDATE_PRODUCT = YES;
			};
			name = Release;
		};
		AEF23AF31D14C8E400FF6DFB /* Debug */ = {
			isa = XCBuildConfiguration;
			buildSettings = {
				ASSETCATALOG_COMPILER_APPICON_NAME = AppIcon;
				INFOPLIST_FILE = RankingApp/Info.plist;
				LD_RUNPATH_SEARCH_PATHS = "$(inherited) @executable_path/Frameworks";
				PRODUCT_BUNDLE_IDENTIFIER = com.akylab.RankingApp;
				PRODUCT_NAME = "$(TARGET_NAME)";
			};
			name = Debug;
		};
		AEF23AF41D14C8E400FF6DFB /* Release */ = {
			isa = XCBuildConfiguration;
			buildSettings = {
				ASSETCATALOG_COMPILER_APPICON_NAME = AppIcon;
				INFOPLIST_FILE = RankingApp/Info.plist;
				LD_RUNPATH_SEARCH_PATHS = "$(inherited) @executable_path/Frameworks";
				PRODUCT_BUNDLE_IDENTIFIER = com.akylab.RankingApp;
				PRODUCT_NAME = "$(TARGET_NAME)";
			};
			name = Release;
		};
/* End XCBuildConfiguration section */

/* Begin XCConfigurationList section */
		AEF23ADB1D14C8E400FF6DFB /* Build configuration list for PBXProject "RankingApp" */ = {
			isa = XCConfigurationList;
			buildConfigurations = (
				AEF23AF01D14C8E400FF6DFB /* Debug */,
				AEF23AF11D14C8E400FF6DFB /* Release */,
			);
			defaultConfigurationIsVisible = 0;
			defaultConfigurationName = Release;
		};
		AEF23AF21D14C8E400FF6DFB /* Build configuration list for PBXNativeTarget "RankingApp" */ = {
			isa = XCConfigurationList;
			buildConfigurations = (
				AEF23AF31D14C8E400FF6DFB /* Debug */,
				AEF23AF41D14C8E400FF6DFB /* Release */,
			);
			defaultConfigurationIsVisible = 0;
		};
/* End XCConfigurationList section */
	};
	rootObject = AEF23AD81D14C8E400FF6DFB /* Project object */;
}
